<?xml version="1.0" encoding="utf-8"?>
<Project ToolsVersion="4.0" xmlns="http://schemas.microsoft.com/developer/msbuild/2003">
  <ItemGroup>
    <Filter Include="Source Files">
      <UniqueIdentifier>{4FC737F1-C7A5-4376-A066-2A32D752A2FF}</UniqueIdentifier>
      <Extensions>cpp;c;cc;cxx;c++;cppm;ixx;def;odl;idl;hpj;bat;asm;asmx</Extensions>
    </Filter>
    <Filter Include="Header Files">
      <UniqueIdentifier>{93995380-89BD-4b04-88EB-625FBE52EBFB}</UniqueIdentifier>
      <Extensions>h;hh;hpp;hxx;h++;hm;inl;inc;ipp;xsd</Extensions>
    </Filter>
    <Filter Include="Resource Files">
      <UniqueIdentifier>{67DA6AB6-F800-4c08-8B7A-83BB121AAD01}</UniqueIdentifier>
      <Extensions>rc;ico;cur;bmp;dlg;rc2;rct;bin;rgs;gif;jpg;jpeg;jpe;resx;tiff;tif;png;wav;mfcribbon-ms</Extensions>
    </Filter>
  </ItemGroup>
  <ItemGroup>
    <ClCompile Include="Player.cpp">
      <Filter>Source Files</Filter>
    </ClCompile>
    <ClCompile Include="Main.cpp">
      <Filter>Source Files</Filter>
    </ClCompile>
    <ClCompile Include="Facing.cpp">
      <Filter>Source Files</Filter>
    </ClCompile>
    <ClCompile Include="UserInterfaceMaze.cpp">
      <Filter>Source Files</Filter>
    </ClCompile>
    <ClCompile Include="CommandsMap.cpp">
      <Filter>Source Files</Filter>
    </ClCompile>
    <ClCompile Include="UserInputParser.cpp">
      <Filter>Source Files</Filter>
    </ClCompile>
    <ClCompile Include="Room.cpp">
      <Filter>Source Files</Filter>
    </ClCompile>
    <ClCompile Include="StructureRooms.cpp">
      <Filter>Source Files</Filter>
    </ClCompile>
    <ClCompile Include="ProducesRoomsGroup.cpp">
      <Filter>Source Files</Filter>
    </ClCompile>
    <ClCompile Include="ReadNet.cpp">
      <Filter>Source Files</Filter>
    </ClCompile>
    <ClCompile Include="WriterNet.cpp">
      <Filter>Source Files</Filter>
    </ClCompile>
    <ClCompile Include="RunPlayerNet.cpp">
      <Filter>Source Files</Filter>
    </ClCompile>
    <ClCompile Include="DbNames_mt.cpp">
      <Filter>Source Files</Filter>
    </ClCompile>
    <ClCompile Include="RunPlayerStream.cpp">
      <Filter>Source Files</Filter>
    </ClCompile>
    <ClCompile Include="CreatorPlayersUniqueNames.cpp">
      <Filter>Source Files</Filter>
    </ClCompile>
    <ClCompile Include="CommandDrawRoom.cpp">
      <Filter>Source Files</Filter>
    </ClCompile>
    <ClCompile Include="ContentRoom.cpp">
      <Filter>Source Files</Filter>
    </ClCompile>
    <ClCompile Include="ContentsRooms.cpp">
      <Filter>Source Files</Filter>
    </ClCompile>
    <ClCompile Include="ActionState.cpp">
      <Filter>Source Files</Filter>
    </ClCompile>
    <ClCompile Include="TalkState.cpp">
      <Filter>Source Files</Filter>
    </ClCompile>
    <ClCompile Include="ShoutState.cpp">
      <Filter>Source Files</Filter>
    </ClCompile>
    <ClCompile Include="TreasureBox.cpp">
      <Filter>Source Files</Filter>
    </ClCompile>
    <ClCompile Include="RandomMy.cpp">
      <Filter>Source Files</Filter>
    </ClCompile>
    <ClCompile Include="CommandWalk.cpp">
      <Filter>Source Files</Filter>
    </ClCompile>
    <ClCompile Include="CommandAttack.cpp">
      <Filter>Source Files</Filter>
    </ClCompile>
    <ClCompile Include="Dragon.cpp">
      <Filter>Source Files</Filter>
    </ClCompile>
  </ItemGroup>
  <ItemGroup>
    <ClInclude Include="Player.h">
      <Filter>Header Files</Filter>
    </ClInclude>
    <ClInclude Include="Facing.h">
      <Filter>Header Files</Filter>
    </ClInclude>
    <ClInclude Include="UserInterfaceMaze.h">
      <Filter>Header Files</Filter>
    </ClInclude>
    <ClInclude Include="CommandsMap.h">
      <Filter>Header Files</Filter>
    </ClInclude>
    <ClInclude Include="Reader.h">
      <Filter>Header Files</Filter>
    </ClInclude>
    <ClInclude Include="ReaderStream.h">
      <Filter>Header Files</Filter>
    </ClInclude>
    <ClInclude Include="Writer.h">
      <Filter>Header Files</Filter>
    </ClInclude>
    <ClInclude Include="WriterStream.h">
      <Filter>Header Files</Filter>
    </ClInclude>
    <ClInclude Include="BaseParserCommand.h">
      <Filter>Header Files</Filter>
    </ClInclude>
    <ClInclude Include="UserInputParser.h">
      <Filter>Header Files</Filter>
    </ClInclude>
    <ClInclude Include="StructureRoom.h">
      <Filter>Header Files</Filter>
    </ClInclude>
    <ClInclude Include="StructureRooms.h">
      <Filter>Header Files</Filter>
    </ClInclude>
    <ClInclude Include="ProducesRoomsGroup.h">
      <Filter>Header Files</Filter>
    </ClInclude>
    <ClInclude Include="ReadNet.h">
      <Filter>Header Files</Filter>
    </ClInclude>
    <ClInclude Include="WriterNet.h">
      <Filter>Header Files</Filter>
    </ClInclude>
    <ClInclude Include="ServerProj.h">
      <Filter>Header Files</Filter>
    </ClInclude>
    <ClInclude Include="CyclinBlockingQueue.h">
      <Filter>Header Files</Filter>
    </ClInclude>
    <ClInclude Include="RunPlayerNet.h">
      <Filter>Header Files</Filter>
    </ClInclude>
    <ClInclude Include="DbNames_mt.h">
      <Filter>Header Files</Filter>
    </ClInclude>
    <ClInclude Include="RunPlayerStream.h">
      <Filter>Header Files</Filter>
    </ClInclude>
    <ClInclude Include="CreatorPlayer_Base.h">
      <Filter>Header Files</Filter>
    </ClInclude>
    <ClInclude Include="CreatorPlayersUniqueNames.h">
      <Filter>Header Files</Filter>
    </ClInclude>
    <ClInclude Include="CommandDrawRoom.h">
      <Filter>Header Files</Filter>
    </ClInclude>
    <ClInclude Include="ContentRoom.h">
      <Filter>Header Files</Filter>
    </ClInclude>
    <ClInclude Include="ContentsRooms.h">
      <Filter>Header Files</Filter>
    </ClInclude>
    <ClInclude Include="IoModeState.h">
      <Filter>Header Files</Filter>
    </ClInclude>
    <ClInclude Include="ActionState.h">
      <Filter>Header Files</Filter>
    </ClInclude>
    <ClInclude Include="TalkState.h">
      <Filter>Header Files</Filter>
    </ClInclude>
    <ClInclude Include="ShoutState.h">
      <Filter>Header Files</Filter>
    </ClInclude>
    <ClInclude Include="TreasureBox.h">
      <Filter>Header Files</Filter>
    </ClInclude>
    <ClInclude Include="RandomMy.h">
      <Filter>Header Files</Filter>
    </ClInclude>
    <ClInclude Include="CommandWalk.h">
      <Filter>Header Files</Filter>
    </ClInclude>
    <ClInclude Include="CommandAttack.h">
      <Filter>Header Files</Filter>
    </ClInclude>
    <ClInclude Include="SettingRooms.h">
      <Filter>Header Files</Filter>
    </ClInclude>
    <ClInclude Include="Dragon.h">
      <Filter>Header Files</Filter>
    </ClInclude>
  </ItemGroup>
  <ItemGroup>
    <None Include="packages.config" />
  </ItemGroup>
</Project>